
Microsoft Visual Studio Solution File, Format Version 12.00
# Visual Studio Version 17
VisualStudioVersion = 17.1.32210.238
MinimumVisualStudioVersion = 10.0.40219.1
Project("{9A19103F-16F7-4668-BE54-9A1E7A4F7556}") = "ApplicationRestaurant", "ApplicationRestaurant.csproj", "{25B3EC7F-142C-4207-8E7E-F07C28547451}"
EndProject
Project("{2150E333-8FDC-42A3-9474-1A3956D46DE8}") = "Elementy rozwiązania", "Elementy rozwiązania", "{84264E2A-43F1-416B-9F7C-4928077171C3}"
	ProjectSection(SolutionItems) = preProject
		DataBaseScript.txt = DataBaseScript.txt
	EndProjectSection
EndProject
Global
	GlobalSection(SolutionConfigurationPlatforms) = preSolution
		Debug|Any CPU = Debug|Any CPU
		Release|Any CPU = Release|Any CPU
	EndGlobalSection
	GlobalSection(ProjectConfigurationPlatforms) = postSolution
		{25B3EC7F-142C-4207-8E7E-F07C28547451}.Debug|Any CPU.ActiveCfg = Debug|Any CPU
		{25B3EC7F-142C-4207-8E7E-F07C28547451}.Debug|Any CPU.Build.0 = Debug|Any CPU
		{25B3EC7F-142C-4207-8E7E-F07C28547451}.Release|Any CPU.ActiveCfg = Release|Any CPU
		{25B3EC7F-142C-4207-8E7E-F07C28547451}.Release|Any CPU.Build.0 = Release|Any CPU
	EndGlobalSection
	GlobalSection(SolutionProperties) = preSolution
		HideSolutionNode = FALSE
	EndGlobalSection
	GlobalSection(ExtensibilityGlobals) = postSolution
		SolutionGuid = {4D8DF16F-27CF-46CE-8413-05CB27CF7C63}
	EndGlobalSection
EndGlobal
